
Microsoft Visual Studio Solution File, Format Version 12.00
# Visual Studio Version 17
VisualStudioVersion = 17.14.36327.8
MinimumVisualStudioVersion = 10.0.40219.1
Project("{FAE04EC0-301F-11D3-BF4B-00C04F79EFBC}") = "BunnySlinger", "BunnySlinger\BunnySlinger.csproj", "{E33DF2B3-8518-4D77-ACF8-C7B0EEFD8423}"
EndProject
Project("{FAE04EC0-301F-11D3-BF4B-00C04F79EFBC}") = "BunnySlinger.Rabbit", "BunnySlinger.Rabbit\BunnySlinger.Rabbit.csproj", "{7452A918-2655-4B93-A162-B978E6A84834}"
EndProject
Project("{FAE04EC0-301F-11D3-BF4B-00C04F79EFBC}") = "BunnySlinger.Outbox", "BunnySlinger.Outbox\BunnySlinger.Outbox.csproj", "{8B68AC45-F011-4578-ABB0-64001FBDC9DF}"
EndProject
Project("{FAE04EC0-301F-11D3-BF4B-00C04F79EFBC}") = "ExampleSlingerApp", "ExampleSlingerApp\ExampleSlingerApp.csproj", "{7442B474-9577-4712-A5AC-43EBF7E58040}"
EndProject
Project("{FAE04EC0-301F-11D3-BF4B-00C04F79EFBC}") = "ExampleBunnies", "ExampleBunnies\ExampleBunnies.csproj", "{FD88F969-913E-47AD-8462-6F87F412E17E}"
EndProject
Project("{FAE04EC0-301F-11D3-BF4B-00C04F79EFBC}") = "ExampleCatcherApp", "ExampleCatcherApp\ExampleCatcherApp.csproj", "{35726635-7E04-4B32-9E36-03A661F062C4}"
EndProject
Project("{FAE04EC0-301F-11D3-BF4B-00C04F79EFBC}") = "ExampleInMemory", "ExampleInMemory\ExampleInMemory.csproj", "{300363F0-0D53-41B3-9E80-FB7D7FC0799E}"
EndProject
Project("{FAE04EC0-301F-11D3-BF4B-00C04F79EFBC}") = "ExampleOutbox", "ExampleOutbox\ExampleOutbox.csproj", "{6CA562D7-E57B-4107-B3CF-0DA6A09CDABF}"
EndProject
Project("{FAE04EC0-301F-11D3-BF4B-00C04F79EFBC}") = "BunnySlinger.Idempotency", "BunnySlinger.Indepontency\BunnySlinger.Idempotency.csproj", "{2A764C8D-1C01-474F-A3F5-6169B42B5B20}"
EndProject
Project("{FAE04EC0-301F-11D3-BF4B-00C04F79EFBC}") = "ExampleIdempotency", "ExmapleIdempotency\ExampleIdempotency.csproj", "{D2BD5DB0-193D-444A-B7E6-BFF012121A23}"
EndProject
Project("{2150E333-8FDC-42A3-9474-1A3956D46DE8}") = "Tests", "Tests", "{02EA681E-C7D8-13C7-8484-4AC65E1B71E8}"
EndProject
Project("{FAE04EC0-301F-11D3-BF4B-00C04F79EFBC}") = "BunnySlinger.Tests", "BunnySlinger.Tests\BunnySlinger.Tests.csproj", "{377CEE70-A629-452E-B5E5-6751F20BFD2D}"
EndProject
Project("{FAE04EC0-301F-11D3-BF4B-00C04F79EFBC}") = "BunnySlinger.Rabbit.Tests", "BunnySlinger.Rabbit.Tests\BunnySlinger.Rabbit.Tests.csproj", "{A8ABA056-07D3-4243-839A-4ADBB875B95B}"
EndProject
Project("{FAE04EC0-301F-11D3-BF4B-00C04F79EFBC}") = "BunnySlinger.Outbox.Tests", "BunnySlinger.Outbox.Tests\BunnySlinger.Outbox.Tests.csproj", "{CD4E4636-6E53-4C3E-8CCD-DAC8D56DB24F}"
EndProject
Project("{FAE04EC0-301F-11D3-BF4B-00C04F79EFBC}") = "BunnySlinger.Idempotency.Tests", "BunnySlinger.Idempotency.Tests\BunnySlinger.Idempotency.Tests.csproj", "{A0A113F5-B677-422D-93D8-D3B63CED29F6}"
EndProject
Project("{2150E333-8FDC-42A3-9474-1A3956D46DE8}") = "Solution Items", "Solution Items", "{8EC462FD-D22E-90A8-E5CE-7E832BA40C5D}"
	ProjectSection(SolutionItems) = preProject
		Readme.md = Readme.md
	EndProjectSection
EndProject
Global
	GlobalSection(SolutionConfigurationPlatforms) = preSolution
		Debug|Any CPU = Debug|Any CPU
		Release|Any CPU = Release|Any CPU
	EndGlobalSection
	GlobalSection(ProjectConfigurationPlatforms) = postSolution
		{E33DF2B3-8518-4D77-ACF8-C7B0EEFD8423}.Debug|Any CPU.ActiveCfg = Debug|Any CPU
		{E33DF2B3-8518-4D77-ACF8-C7B0EEFD8423}.Debug|Any CPU.Build.0 = Debug|Any CPU
		{E33DF2B3-8518-4D77-ACF8-C7B0EEFD8423}.Release|Any CPU.ActiveCfg = Release|Any CPU
		{E33DF2B3-8518-4D77-ACF8-C7B0EEFD8423}.Release|Any CPU.Build.0 = Release|Any CPU
		{7452A918-2655-4B93-A162-B978E6A84834}.Debug|Any CPU.ActiveCfg = Debug|Any CPU
		{7452A918-2655-4B93-A162-B978E6A84834}.Debug|Any CPU.Build.0 = Debug|Any CPU
		{7452A918-2655-4B93-A162-B978E6A84834}.Release|Any CPU.ActiveCfg = Release|Any CPU
		{7452A918-2655-4B93-A162-B978E6A84834}.Release|Any CPU.Build.0 = Release|Any CPU
		{8B68AC45-F011-4578-ABB0-64001FBDC9DF}.Debug|Any CPU.ActiveCfg = Debug|Any CPU
		{8B68AC45-F011-4578-ABB0-64001FBDC9DF}.Debug|Any CPU.Build.0 = Debug|Any CPU
		{8B68AC45-F011-4578-ABB0-64001FBDC9DF}.Release|Any CPU.ActiveCfg = Release|Any CPU
		{8B68AC45-F011-4578-ABB0-64001FBDC9DF}.Release|Any CPU.Build.0 = Release|Any CPU
		{7442B474-9577-4712-A5AC-43EBF7E58040}.Debug|Any CPU.ActiveCfg = Debug|Any CPU
		{7442B474-9577-4712-A5AC-43EBF7E58040}.Debug|Any CPU.Build.0 = Debug|Any CPU
		{7442B474-9577-4712-A5AC-43EBF7E58040}.Release|Any CPU.ActiveCfg = Release|Any CPU
		{7442B474-9577-4712-A5AC-43EBF7E58040}.Release|Any CPU.Build.0 = Release|Any CPU
		{FD88F969-913E-47AD-8462-6F87F412E17E}.Debug|Any CPU.ActiveCfg = Debug|Any CPU
		{FD88F969-913E-47AD-8462-6F87F412E17E}.Debug|Any CPU.Build.0 = Debug|Any CPU
		{FD88F969-913E-47AD-8462-6F87F412E17E}.Release|Any CPU.ActiveCfg = Release|Any CPU
		{FD88F969-913E-47AD-8462-6F87F412E17E}.Release|Any CPU.Build.0 = Release|Any CPU
		{35726635-7E04-4B32-9E36-03A661F062C4}.Debug|Any CPU.ActiveCfg = Debug|Any CPU
		{35726635-7E04-4B32-9E36-03A661F062C4}.Debug|Any CPU.Build.0 = Debug|Any CPU
		{35726635-7E04-4B32-9E36-03A661F062C4}.Release|Any CPU.ActiveCfg = Release|Any CPU
		{35726635-7E04-4B32-9E36-03A661F062C4}.Release|Any CPU.Build.0 = Release|Any CPU
		{300363F0-0D53-41B3-9E80-FB7D7FC0799E}.Debug|Any CPU.ActiveCfg = Debug|Any CPU
		{300363F0-0D53-41B3-9E80-FB7D7FC0799E}.Debug|Any CPU.Build.0 = Debug|Any CPU
		{300363F0-0D53-41B3-9E80-FB7D7FC0799E}.Release|Any CPU.ActiveCfg = Release|Any CPU
		{300363F0-0D53-41B3-9E80-FB7D7FC0799E}.Release|Any CPU.Build.0 = Release|Any CPU
		{6CA562D7-E57B-4107-B3CF-0DA6A09CDABF}.Debug|Any CPU.ActiveCfg = Debug|Any CPU
		{6CA562D7-E57B-4107-B3CF-0DA6A09CDABF}.Debug|Any CPU.Build.0 = Debug|Any CPU
		{6CA562D7-E57B-4107-B3CF-0DA6A09CDABF}.Release|Any CPU.ActiveCfg = Release|Any CPU
		{6CA562D7-E57B-4107-B3CF-0DA6A09CDABF}.Release|Any CPU.Build.0 = Release|Any CPU
		{2A764C8D-1C01-474F-A3F5-6169B42B5B20}.Debug|Any CPU.ActiveCfg = Debug|Any CPU
		{2A764C8D-1C01-474F-A3F5-6169B42B5B20}.Debug|Any CPU.Build.0 = Debug|Any CPU
		{2A764C8D-1C01-474F-A3F5-6169B42B5B20}.Release|Any CPU.ActiveCfg = Release|Any CPU
		{2A764C8D-1C01-474F-A3F5-6169B42B5B20}.Release|Any CPU.Build.0 = Release|Any CPU
		{D2BD5DB0-193D-444A-B7E6-BFF012121A23}.Debug|Any CPU.ActiveCfg = Debug|Any CPU
		{D2BD5DB0-193D-444A-B7E6-BFF012121A23}.Debug|Any CPU.Build.0 = Debug|Any CPU
		{D2BD5DB0-193D-444A-B7E6-BFF012121A23}.Release|Any CPU.ActiveCfg = Release|Any CPU
		{D2BD5DB0-193D-444A-B7E6-BFF012121A23}.Release|Any CPU.Build.0 = Release|Any CPU
		{377CEE70-A629-452E-B5E5-6751F20BFD2D}.Debug|Any CPU.ActiveCfg = Debug|Any CPU
		{377CEE70-A629-452E-B5E5-6751F20BFD2D}.Debug|Any CPU.Build.0 = Debug|Any CPU
		{377CEE70-A629-452E-B5E5-6751F20BFD2D}.Release|Any CPU.ActiveCfg = Release|Any CPU
		{377CEE70-A629-452E-B5E5-6751F20BFD2D}.Release|Any CPU.Build.0 = Release|Any CPU
		{A8ABA056-07D3-4243-839A-4ADBB875B95B}.Debug|Any CPU.ActiveCfg = Debug|Any CPU
		{A8ABA056-07D3-4243-839A-4ADBB875B95B}.Debug|Any CPU.Build.0 = Debug|Any CPU
		{A8ABA056-07D3-4243-839A-4ADBB875B95B}.Release|Any CPU.ActiveCfg = Release|Any CPU
		{A8ABA056-07D3-4243-839A-4ADBB875B95B}.Release|Any CPU.Build.0 = Release|Any CPU
		{CD4E4636-6E53-4C3E-8CCD-DAC8D56DB24F}.Debug|Any CPU.ActiveCfg = Debug|Any CPU
		{CD4E4636-6E53-4C3E-8CCD-DAC8D56DB24F}.Debug|Any CPU.Build.0 = Debug|Any CPU
		{CD4E4636-6E53-4C3E-8CCD-DAC8D56DB24F}.Release|Any CPU.ActiveCfg = Release|Any CPU
		{CD4E4636-6E53-4C3E-8CCD-DAC8D56DB24F}.Release|Any CPU.Build.0 = Release|Any CPU
		{A0A113F5-B677-422D-93D8-D3B63CED29F6}.Debug|Any CPU.ActiveCfg = Debug|Any CPU
		{A0A113F5-B677-422D-93D8-D3B63CED29F6}.Debug|Any CPU.Build.0 = Debug|Any CPU
		{A0A113F5-B677-422D-93D8-D3B63CED29F6}.Release|Any CPU.ActiveCfg = Release|Any CPU
		{A0A113F5-B677-422D-93D8-D3B63CED29F6}.Release|Any CPU.Build.0 = Release|Any CPU
	EndGlobalSection
	GlobalSection(SolutionProperties) = preSolution
		HideSolutionNode = FALSE
	EndGlobalSection
	GlobalSection(NestedProjects) = preSolution
		{377CEE70-A629-452E-B5E5-6751F20BFD2D} = {02EA681E-C7D8-13C7-8484-4AC65E1B71E8}
		{A8ABA056-07D3-4243-839A-4ADBB875B95B} = {02EA681E-C7D8-13C7-8484-4AC65E1B71E8}
		{CD4E4636-6E53-4C3E-8CCD-DAC8D56DB24F} = {02EA681E-C7D8-13C7-8484-4AC65E1B71E8}
		{A0A113F5-B677-422D-93D8-D3B63CED29F6} = {02EA681E-C7D8-13C7-8484-4AC65E1B71E8}
	EndGlobalSection
	GlobalSection(ExtensibilityGlobals) = postSolution
		SolutionGuid = {1FBBC54B-1C80-467E-8346-77EEFCC0E9E1}
	EndGlobalSection
EndGlobal
